
Microsoft Visual Studio Solution File, Format Version 12.00
# Visual Studio Version 16
VisualStudioVersion = 16.0.31205.134
MinimumVisualStudioVersion = 10.0.40219.1
Project("{2150E333-8FDC-42A3-9474-1A3956D46DE8}") = "Microservices", "Microservices", "{BC07E4B3-23BC-476C-BABB-7FC0E65E4D9F}"
EndProject
Project("{2150E333-8FDC-42A3-9474-1A3956D46DE8}") = "Domain", "Domain", "{6EF58C40-C264-4A68-B7A2-6B949AC3F16C}"
EndProject
Project("{2150E333-8FDC-42A3-9474-1A3956D46DE8}") = "Infra.Bus", "Infra.Bus", "{2ED0D43B-3CD9-4467-92A8-42251FF9B4E5}"
EndProject
Project("{2150E333-8FDC-42A3-9474-1A3956D46DE8}") = "Infra.IoC", "Infra.IoC", "{A00D05E1-1302-485C-9D83-D1A2CAE7B1E1}"
EndProject
Project("{2150E333-8FDC-42A3-9474-1A3956D46DE8}") = "Presentation", "Presentation", "{E43C9F01-22F6-4E62-94F2-778170239C38}"
EndProject
Project("{FAE04EC0-301F-11D3-BF4B-00C04F79EFBC}") = "MicroRabbit.Domain.Core", "MicroRabbit.Domain.Core\MicroRabbit.Domain.Core.csproj", "{E0E90E7E-0526-40D4-BAC8-26F03EB4CE60}"
EndProject
Project("{FAE04EC0-301F-11D3-BF4B-00C04F79EFBC}") = "MicroRabbit.Infra.Bus", "MicroRabbit.Infra.Bus\MicroRabbit.Infra.Bus.csproj", "{8F60C0D2-8196-4255-B8CD-016247D776E1}"
EndProject
Project("{FAE04EC0-301F-11D3-BF4B-00C04F79EFBC}") = "MicroRabbit.Infra.IoC", "MicroRabbit.Infra.IoC\MicroRabbit.Infra.IoC.csproj", "{9E638EBC-9C38-4ECB-9708-9BBF30AEB8FD}"
EndProject
Global
	GlobalSection(SolutionConfigurationPlatforms) = preSolution
		Debug|Any CPU = Debug|Any CPU
		Release|Any CPU = Release|Any CPU
	EndGlobalSection
	GlobalSection(ProjectConfigurationPlatforms) = postSolution
		{E0E90E7E-0526-40D4-BAC8-26F03EB4CE60}.Debug|Any CPU.ActiveCfg = Debug|Any CPU
		{E0E90E7E-0526-40D4-BAC8-26F03EB4CE60}.Debug|Any CPU.Build.0 = Debug|Any CPU
		{E0E90E7E-0526-40D4-BAC8-26F03EB4CE60}.Release|Any CPU.ActiveCfg = Release|Any CPU
		{E0E90E7E-0526-40D4-BAC8-26F03EB4CE60}.Release|Any CPU.Build.0 = Release|Any CPU
		{8F60C0D2-8196-4255-B8CD-016247D776E1}.Debug|Any CPU.ActiveCfg = Debug|Any CPU
		{8F60C0D2-8196-4255-B8CD-016247D776E1}.Debug|Any CPU.Build.0 = Debug|Any CPU
		{8F60C0D2-8196-4255-B8CD-016247D776E1}.Release|Any CPU.ActiveCfg = Release|Any CPU
		{8F60C0D2-8196-4255-B8CD-016247D776E1}.Release|Any CPU.Build.0 = Release|Any CPU
		{9E638EBC-9C38-4ECB-9708-9BBF30AEB8FD}.Debug|Any CPU.ActiveCfg = Debug|Any CPU
		{9E638EBC-9C38-4ECB-9708-9BBF30AEB8FD}.Debug|Any CPU.Build.0 = Debug|Any CPU
		{9E638EBC-9C38-4ECB-9708-9BBF30AEB8FD}.Release|Any CPU.ActiveCfg = Release|Any CPU
		{9E638EBC-9C38-4ECB-9708-9BBF30AEB8FD}.Release|Any CPU.Build.0 = Release|Any CPU
	EndGlobalSection
	GlobalSection(SolutionProperties) = preSolution
		HideSolutionNode = FALSE
	EndGlobalSection
	GlobalSection(NestedProjects) = preSolution
		{E0E90E7E-0526-40D4-BAC8-26F03EB4CE60} = {6EF58C40-C264-4A68-B7A2-6B949AC3F16C}
		{8F60C0D2-8196-4255-B8CD-016247D776E1} = {2ED0D43B-3CD9-4467-92A8-42251FF9B4E5}
		{9E638EBC-9C38-4ECB-9708-9BBF30AEB8FD} = {A00D05E1-1302-485C-9D83-D1A2CAE7B1E1}
	EndGlobalSection
	GlobalSection(ExtensibilityGlobals) = postSolution
		SolutionGuid = {8EB0F5F4-5908-4984-BF25-3D2D991CFC2D}
	EndGlobalSection
EndGlobal
