
Microsoft Visual Studio Solution File, Format Version 12.00
# Visual Studio Version 16
VisualStudioVersion = 16.0.31205.134
MinimumVisualStudioVersion = 10.0.40219.1
Project("{2150E333-8FDC-42A3-9474-1A3956D46DE8}") = "Microservices", "Microservices", "{BC07E4B3-23BC-476C-BABB-7FC0E65E4D9F}"
EndProject
Project("{2150E333-8FDC-42A3-9474-1A3956D46DE8}") = "Domain", "Domain", "{6EF58C40-C264-4A68-B7A2-6B949AC3F16C}"
EndProject
Project("{2150E333-8FDC-42A3-9474-1A3956D46DE8}") = "Infra.Bus", "Infra.Bus", "{2ED0D43B-3CD9-4467-92A8-42251FF9B4E5}"
EndProject
Project("{2150E333-8FDC-42A3-9474-1A3956D46DE8}") = "Infra.IoC", "Infra.IoC", "{A00D05E1-1302-485C-9D83-D1A2CAE7B1E1}"
EndProject
Project("{2150E333-8FDC-42A3-9474-1A3956D46DE8}") = "Presentation", "Presentation", "{E43C9F01-22F6-4E62-94F2-778170239C38}"
EndProject
Project("{9A19103F-16F7-4668-BE54-9A1E7A4F7556}") = "MicroRabbit.Domain.Core", "MicroRabbit.Domain.Core\MicroRabbit.Domain.Core.csproj", "{E0E90E7E-0526-40D4-BAC8-26F03EB4CE60}"
EndProject
Project("{9A19103F-16F7-4668-BE54-9A1E7A4F7556}") = "MicroRabbit.Infra.Bus", "MicroRabbit.Infra.Bus\MicroRabbit.Infra.Bus.csproj", "{8F60C0D2-8196-4255-B8CD-016247D776E1}"
EndProject
Project("{9A19103F-16F7-4668-BE54-9A1E7A4F7556}") = "MicroRabbit.Infra.IoC", "MicroRabbit.Infra.IoC\MicroRabbit.Infra.IoC.csproj", "{9E638EBC-9C38-4ECB-9708-9BBF30AEB8FD}"
EndProject
Project("{2150E333-8FDC-42A3-9474-1A3956D46DE8}") = "Banking", "Banking", "{D544F618-0219-4FEA-82E5-56A8C54AC6AA}"
EndProject
Project("{2150E333-8FDC-42A3-9474-1A3956D46DE8}") = "Api", "Api", "{985F9402-2FA3-4741-BDB9-4E46C27AF221}"
EndProject
Project("{2150E333-8FDC-42A3-9474-1A3956D46DE8}") = "Domain", "Domain", "{6E721FEE-05DA-41E0-B323-BFB6EAD17125}"
EndProject
Project("{2150E333-8FDC-42A3-9474-1A3956D46DE8}") = "Application", "Application", "{13FADB1E-C056-4B5D-B766-BC8C97BE36F4}"
EndProject
Project("{2150E333-8FDC-42A3-9474-1A3956D46DE8}") = "Data", "Data", "{946090EE-2036-44A5-A130-73C672D8D940}"
EndProject
Project("{9A19103F-16F7-4668-BE54-9A1E7A4F7556}") = "MicroRabbit.Banking.Api", "MicroRabbit.Banking.Api\MicroRabbit.Banking.Api.csproj", "{94DDDF06-6D94-46AF-9028-FCEA2DDA56B2}"
EndProject
Project("{9A19103F-16F7-4668-BE54-9A1E7A4F7556}") = "MicroRabbit.Banking.Application", "MicroRabbit.Banking.Application\MicroRabbit.Banking.Application.csproj", "{4421862E-6917-46EB-9083-FF4B93AAB38C}"
EndProject
Project("{9A19103F-16F7-4668-BE54-9A1E7A4F7556}") = "MicroRabbit.Banking.Data", "MicroRabbit.Banking.Data\MicroRabbit.Banking.Data.csproj", "{E5F10EDF-2113-43DB-B060-BE6D6D6E21BC}"
EndProject
Project("{9A19103F-16F7-4668-BE54-9A1E7A4F7556}") = "MicroRabbit.Banking.Domain", "MicroRabbit.Banking.Domain\MicroRabbit.Banking.Domain.csproj", "{2CA53573-676F-4863-9790-56384DDFD7EC}"
EndProject
Project("{2150E333-8FDC-42A3-9474-1A3956D46DE8}") = "Transfer", "Transfer", "{FFF0ABDB-BFFB-4CDC-B2F0-6039F8F48D40}"
EndProject
Project("{2150E333-8FDC-42A3-9474-1A3956D46DE8}") = "Api", "Api", "{C63E34D4-AE42-4A74-B68A-2361F19AAD9F}"
EndProject
Project("{2150E333-8FDC-42A3-9474-1A3956D46DE8}") = "Application", "Application", "{F5966DDE-EC2E-4C75-95A8-2FB5B73C67A3}"
EndProject
Project("{2150E333-8FDC-42A3-9474-1A3956D46DE8}") = "Data", "Data", "{FEAEB55C-9AF0-4446-A159-C0E334539407}"
EndProject
Project("{2150E333-8FDC-42A3-9474-1A3956D46DE8}") = "Domain", "Domain", "{11EA551D-DF37-4759-8AC8-171B55158867}"
EndProject
Project("{FAE04EC0-301F-11D3-BF4B-00C04F79EFBC}") = "MicroRabbit.Transfer.Api", "MicroRabbit.Transfer.Api\MicroRabbit.Transfer.Api.csproj", "{886026F8-B90E-4EE6-A0BF-7C6731349B3F}"
EndProject
Project("{FAE04EC0-301F-11D3-BF4B-00C04F79EFBC}") = "MicrorRabbit.Transfer.Application", "MicrorRabbit.Transfer.Application\MicrorRabbit.Transfer.Application.csproj", "{F8BB1A3B-7258-434D-8471-DC78DB971799}"
EndProject
Project("{FAE04EC0-301F-11D3-BF4B-00C04F79EFBC}") = "MicroRabbit.Transfer.Domain", "MicroRabbit.Transfer.Domain\MicroRabbit.Transfer.Domain.csproj", "{6E6371EE-405D-46BB-8D35-09C0C0C87953}"
EndProject
Project("{FAE04EC0-301F-11D3-BF4B-00C04F79EFBC}") = "MicroRabbit.Transfer.Data", "MicroRabbit.Transfer.Data\MicroRabbit.Transfer.Data.csproj", "{6AFD9BDA-6C84-41D4-90D0-B44E102C5062}"
EndProject
Global
	GlobalSection(SolutionConfigurationPlatforms) = preSolution
		Debug|Any CPU = Debug|Any CPU
		Release|Any CPU = Release|Any CPU
	EndGlobalSection
	GlobalSection(ProjectConfigurationPlatforms) = postSolution
		{E0E90E7E-0526-40D4-BAC8-26F03EB4CE60}.Debug|Any CPU.ActiveCfg = Debug|Any CPU
		{E0E90E7E-0526-40D4-BAC8-26F03EB4CE60}.Debug|Any CPU.Build.0 = Debug|Any CPU
		{E0E90E7E-0526-40D4-BAC8-26F03EB4CE60}.Release|Any CPU.ActiveCfg = Release|Any CPU
		{E0E90E7E-0526-40D4-BAC8-26F03EB4CE60}.Release|Any CPU.Build.0 = Release|Any CPU
		{8F60C0D2-8196-4255-B8CD-016247D776E1}.Debug|Any CPU.ActiveCfg = Debug|Any CPU
		{8F60C0D2-8196-4255-B8CD-016247D776E1}.Debug|Any CPU.Build.0 = Debug|Any CPU
		{8F60C0D2-8196-4255-B8CD-016247D776E1}.Release|Any CPU.ActiveCfg = Release|Any CPU
		{8F60C0D2-8196-4255-B8CD-016247D776E1}.Release|Any CPU.Build.0 = Release|Any CPU
		{9E638EBC-9C38-4ECB-9708-9BBF30AEB8FD}.Debug|Any CPU.ActiveCfg = Debug|Any CPU
		{9E638EBC-9C38-4ECB-9708-9BBF30AEB8FD}.Debug|Any CPU.Build.0 = Debug|Any CPU
		{9E638EBC-9C38-4ECB-9708-9BBF30AEB8FD}.Release|Any CPU.ActiveCfg = Release|Any CPU
		{9E638EBC-9C38-4ECB-9708-9BBF30AEB8FD}.Release|Any CPU.Build.0 = Release|Any CPU
		{94DDDF06-6D94-46AF-9028-FCEA2DDA56B2}.Debug|Any CPU.ActiveCfg = Debug|Any CPU
		{94DDDF06-6D94-46AF-9028-FCEA2DDA56B2}.Debug|Any CPU.Build.0 = Debug|Any CPU
		{94DDDF06-6D94-46AF-9028-FCEA2DDA56B2}.Release|Any CPU.ActiveCfg = Release|Any CPU
		{94DDDF06-6D94-46AF-9028-FCEA2DDA56B2}.Release|Any CPU.Build.0 = Release|Any CPU
		{4421862E-6917-46EB-9083-FF4B93AAB38C}.Debug|Any CPU.ActiveCfg = Debug|Any CPU
		{4421862E-6917-46EB-9083-FF4B93AAB38C}.Debug|Any CPU.Build.0 = Debug|Any CPU
		{4421862E-6917-46EB-9083-FF4B93AAB38C}.Release|Any CPU.ActiveCfg = Release|Any CPU
		{4421862E-6917-46EB-9083-FF4B93AAB38C}.Release|Any CPU.Build.0 = Release|Any CPU
		{E5F10EDF-2113-43DB-B060-BE6D6D6E21BC}.Debug|Any CPU.ActiveCfg = Debug|Any CPU
		{E5F10EDF-2113-43DB-B060-BE6D6D6E21BC}.Debug|Any CPU.Build.0 = Debug|Any CPU
		{E5F10EDF-2113-43DB-B060-BE6D6D6E21BC}.Release|Any CPU.ActiveCfg = Release|Any CPU
		{E5F10EDF-2113-43DB-B060-BE6D6D6E21BC}.Release|Any CPU.Build.0 = Release|Any CPU
		{2CA53573-676F-4863-9790-56384DDFD7EC}.Debug|Any CPU.ActiveCfg = Debug|Any CPU
		{2CA53573-676F-4863-9790-56384DDFD7EC}.Debug|Any CPU.Build.0 = Debug|Any CPU
		{2CA53573-676F-4863-9790-56384DDFD7EC}.Release|Any CPU.ActiveCfg = Release|Any CPU
		{2CA53573-676F-4863-9790-56384DDFD7EC}.Release|Any CPU.Build.0 = Release|Any CPU
		{886026F8-B90E-4EE6-A0BF-7C6731349B3F}.Debug|Any CPU.ActiveCfg = Debug|Any CPU
		{886026F8-B90E-4EE6-A0BF-7C6731349B3F}.Debug|Any CPU.Build.0 = Debug|Any CPU
		{886026F8-B90E-4EE6-A0BF-7C6731349B3F}.Release|Any CPU.ActiveCfg = Release|Any CPU
		{886026F8-B90E-4EE6-A0BF-7C6731349B3F}.Release|Any CPU.Build.0 = Release|Any CPU
		{F8BB1A3B-7258-434D-8471-DC78DB971799}.Debug|Any CPU.ActiveCfg = Debug|Any CPU
		{F8BB1A3B-7258-434D-8471-DC78DB971799}.Debug|Any CPU.Build.0 = Debug|Any CPU
		{F8BB1A3B-7258-434D-8471-DC78DB971799}.Release|Any CPU.ActiveCfg = Release|Any CPU
		{F8BB1A3B-7258-434D-8471-DC78DB971799}.Release|Any CPU.Build.0 = Release|Any CPU
		{6E6371EE-405D-46BB-8D35-09C0C0C87953}.Debug|Any CPU.ActiveCfg = Debug|Any CPU
		{6E6371EE-405D-46BB-8D35-09C0C0C87953}.Debug|Any CPU.Build.0 = Debug|Any CPU
		{6E6371EE-405D-46BB-8D35-09C0C0C87953}.Release|Any CPU.ActiveCfg = Release|Any CPU
		{6E6371EE-405D-46BB-8D35-09C0C0C87953}.Release|Any CPU.Build.0 = Release|Any CPU
		{6AFD9BDA-6C84-41D4-90D0-B44E102C5062}.Debug|Any CPU.ActiveCfg = Debug|Any CPU
		{6AFD9BDA-6C84-41D4-90D0-B44E102C5062}.Debug|Any CPU.Build.0 = Debug|Any CPU
		{6AFD9BDA-6C84-41D4-90D0-B44E102C5062}.Release|Any CPU.ActiveCfg = Release|Any CPU
		{6AFD9BDA-6C84-41D4-90D0-B44E102C5062}.Release|Any CPU.Build.0 = Release|Any CPU
	EndGlobalSection
	GlobalSection(SolutionProperties) = preSolution
		HideSolutionNode = FALSE
	EndGlobalSection
	GlobalSection(NestedProjects) = preSolution
		{E0E90E7E-0526-40D4-BAC8-26F03EB4CE60} = {6EF58C40-C264-4A68-B7A2-6B949AC3F16C}
		{8F60C0D2-8196-4255-B8CD-016247D776E1} = {2ED0D43B-3CD9-4467-92A8-42251FF9B4E5}
		{9E638EBC-9C38-4ECB-9708-9BBF30AEB8FD} = {A00D05E1-1302-485C-9D83-D1A2CAE7B1E1}
		{D544F618-0219-4FEA-82E5-56A8C54AC6AA} = {BC07E4B3-23BC-476C-BABB-7FC0E65E4D9F}
		{985F9402-2FA3-4741-BDB9-4E46C27AF221} = {D544F618-0219-4FEA-82E5-56A8C54AC6AA}
		{6E721FEE-05DA-41E0-B323-BFB6EAD17125} = {D544F618-0219-4FEA-82E5-56A8C54AC6AA}
		{13FADB1E-C056-4B5D-B766-BC8C97BE36F4} = {D544F618-0219-4FEA-82E5-56A8C54AC6AA}
		{946090EE-2036-44A5-A130-73C672D8D940} = {D544F618-0219-4FEA-82E5-56A8C54AC6AA}
		{94DDDF06-6D94-46AF-9028-FCEA2DDA56B2} = {985F9402-2FA3-4741-BDB9-4E46C27AF221}
		{4421862E-6917-46EB-9083-FF4B93AAB38C} = {13FADB1E-C056-4B5D-B766-BC8C97BE36F4}
		{E5F10EDF-2113-43DB-B060-BE6D6D6E21BC} = {946090EE-2036-44A5-A130-73C672D8D940}
		{2CA53573-676F-4863-9790-56384DDFD7EC} = {6E721FEE-05DA-41E0-B323-BFB6EAD17125}
		{FFF0ABDB-BFFB-4CDC-B2F0-6039F8F48D40} = {BC07E4B3-23BC-476C-BABB-7FC0E65E4D9F}
		{C63E34D4-AE42-4A74-B68A-2361F19AAD9F} = {FFF0ABDB-BFFB-4CDC-B2F0-6039F8F48D40}
		{F5966DDE-EC2E-4C75-95A8-2FB5B73C67A3} = {FFF0ABDB-BFFB-4CDC-B2F0-6039F8F48D40}
		{FEAEB55C-9AF0-4446-A159-C0E334539407} = {FFF0ABDB-BFFB-4CDC-B2F0-6039F8F48D40}
		{11EA551D-DF37-4759-8AC8-171B55158867} = {FFF0ABDB-BFFB-4CDC-B2F0-6039F8F48D40}
		{886026F8-B90E-4EE6-A0BF-7C6731349B3F} = {C63E34D4-AE42-4A74-B68A-2361F19AAD9F}
		{F8BB1A3B-7258-434D-8471-DC78DB971799} = {F5966DDE-EC2E-4C75-95A8-2FB5B73C67A3}
		{6E6371EE-405D-46BB-8D35-09C0C0C87953} = {11EA551D-DF37-4759-8AC8-171B55158867}
		{6AFD9BDA-6C84-41D4-90D0-B44E102C5062} = {FEAEB55C-9AF0-4446-A159-C0E334539407}
	EndGlobalSection
	GlobalSection(ExtensibilityGlobals) = postSolution
		SolutionGuid = {8EB0F5F4-5908-4984-BF25-3D2D991CFC2D}
	EndGlobalSection
EndGlobal
